
Microsoft Visual Studio Solution File, Format Version 12.00
# Visual Studio Version 16
VisualStudioVersion = 16.0.30717.126
MinimumVisualStudioVersion = 10.0.40219.1
Project("{FAE04EC0-301F-11D3-BF4B-00C04F79EFBC}") = "MiraiSharp", "MiraiSharp\MiraiSharp.csproj", "{B565AF6E-FD8E-4B51-ACAB-1F1E26555D56}"
EndProject
Project("{FAE04EC0-301F-11D3-BF4B-00C04F79EFBC}") = "MiraiSharp.Library", "MiraiSharp.Library\MiraiSharp.Library.csproj", "{FCF22B36-4721-4923-86CD-6A4377561D47}"
EndProject
Global
	GlobalSection(SolutionConfigurationPlatforms) = preSolution
		Debug|Any CPU = Debug|Any CPU
		Release|Any CPU = Release|Any CPU
	EndGlobalSection
	GlobalSection(ProjectConfigurationPlatforms) = postSolution
		{B565AF6E-FD8E-4B51-ACAB-1F1E26555D56}.Debug|Any CPU.ActiveCfg = Debug|Any CPU
		{B565AF6E-FD8E-4B51-ACAB-1F1E26555D56}.Debug|Any CPU.Build.0 = Debug|Any CPU
		{B565AF6E-FD8E-4B51-ACAB-1F1E26555D56}.Release|Any CPU.ActiveCfg = Release|Any CPU
		{B565AF6E-FD8E-4B51-ACAB-1F1E26555D56}.Release|Any CPU.Build.0 = Release|Any CPU
		{FCF22B36-4721-4923-86CD-6A4377561D47}.Debug|Any CPU.ActiveCfg = Debug|Any CPU
		{FCF22B36-4721-4923-86CD-6A4377561D47}.Debug|Any CPU.Build.0 = Debug|Any CPU
		{FCF22B36-4721-4923-86CD-6A4377561D47}.Release|Any CPU.ActiveCfg = Release|Any CPU
		{FCF22B36-4721-4923-86CD-6A4377561D47}.Release|Any CPU.Build.0 = Release|Any CPU
	EndGlobalSection
	GlobalSection(SolutionProperties) = preSolution
		HideSolutionNode = FALSE
	EndGlobalSection
	GlobalSection(ExtensibilityGlobals) = postSolution
		SolutionGuid = {D8EE663D-4C44-4595-91AD-A79459C1587F}
	EndGlobalSection
EndGlobal
